{
  "name": "boostrap11",
  "version": "1.0.0",
  "lockfileVersion": 3,
  "requires": true,
  "packages": {
    "": {
      "name": "boostrap11",
      "version": "1.0.0",
      "license": "ISC",
      "dependencies": {
        "boostrap11": "file:"
      }
    },
    "node_modules/boostrap11": {
      "resolved": "",
      "link": true
    }
  }
}
